
Microsoft Visual Studio Solution File, Format Version 12.00
# Visual Studio Version 17
VisualStudioVersion = 17.7.34221.43
MinimumVisualStudioVersion = 10.0.40219.1
Project("{FAE04EC0-301F-11D3-BF4B-00C04F79EFBC}") = "WF-RunningButton", "WF-RunningButton\WF-RunningButton.csproj", "{98450573-7A1E-4466-B570-25D95F9E299D}"
EndProject
Global
	GlobalSection(SolutionConfigurationPlatforms) = preSolution
		Debug|Any CPU = Debug|Any CPU
		Release|Any CPU = Release|Any CPU
	EndGlobalSection
	GlobalSection(ProjectConfigurationPlatforms) = postSolution
		{98450573-7A1E-4466-B570-25D95F9E299D}.Debug|Any CPU.ActiveCfg = Debug|Any CPU
		{98450573-7A1E-4466-B570-25D95F9E299D}.Debug|Any CPU.Build.0 = Debug|Any CPU
		{98450573-7A1E-4466-B570-25D95F9E299D}.Release|Any CPU.ActiveCfg = Release|Any CPU
		{98450573-7A1E-4466-B570-25D95F9E299D}.Release|Any CPU.Build.0 = Release|Any CPU
	EndGlobalSection
	GlobalSection(SolutionProperties) = preSolution
		HideSolutionNode = FALSE
	EndGlobalSection
	GlobalSection(ExtensibilityGlobals) = postSolution
		SolutionGuid = {72DF62B3-1163-4BE7-8BF4-19D94012F518}
	EndGlobalSection
EndGlobal
